
Microsoft Visual Studio Solution File, Format Version 12.00
# Visual Studio 15
VisualStudioVersion = 15.0.28307.779
MinimumVisualStudioVersion = 10.0.40219.1
Project("{FAE04EC0-301F-11D3-BF4B-00C04F79EFBC}") = "MultivixTeste", "MultivixTeste\MultivixTeste.csproj", "{70AA9D43-FB38-49F2-B9E3-5355BEA02484}"
EndProject
Global
	GlobalSection(SolutionConfigurationPlatforms) = preSolution
		Debug|Any CPU = Debug|Any CPU
		Release|Any CPU = Release|Any CPU
	EndGlobalSection
	GlobalSection(ProjectConfigurationPlatforms) = postSolution
		{70AA9D43-FB38-49F2-B9E3-5355BEA02484}.Debug|Any CPU.ActiveCfg = Debug|Any CPU
		{70AA9D43-FB38-49F2-B9E3-5355BEA02484}.Debug|Any CPU.Build.0 = Debug|Any CPU
		{70AA9D43-FB38-49F2-B9E3-5355BEA02484}.Release|Any CPU.ActiveCfg = Release|Any CPU
		{70AA9D43-FB38-49F2-B9E3-5355BEA02484}.Release|Any CPU.Build.0 = Release|Any CPU
	EndGlobalSection
	GlobalSection(SolutionProperties) = preSolution
		HideSolutionNode = FALSE
	EndGlobalSection
	GlobalSection(ExtensibilityGlobals) = postSolution
		SolutionGuid = {CB27B2AA-F7D4-4279-A59B-F96F4EB4D9F5}
	EndGlobalSection
EndGlobal
